// !$*UTF8*$!
{
	archiveVersion = 1;
	classes = {
	};
	objectVersion = 77;
	objects = {

/* Begin PBXBuildFile section */
		0417607C30400F6800ACCEDC /* SwoleData in Frameworks */ = {isa = PBXBuildFile; productRef = 0417607B30400F6800ACCEDC /* SwoleData */; };
		08B5DADD7835A484D56D62A4 /* WorkoutLiveActivityWidget.swift in Sources */ = {isa = PBXBuildFile; fileRef = 7D242B079E32412BFCAB5C08 /* WorkoutLiveActivityWidget.swift */; };
		3CC3D1FA49B725E83C7BE5AD /* WorkoutActivityAttributes.swift in Sources */ = {isa = PBXBuildFile; fileRef = 19A72A81782FF95AF96F0421 /* WorkoutActivityAttributes.swift */; };
		55863A52B06D450F1263ED0E /* Foundation.framework in Frameworks */ = {isa = PBXBuildFile; fileRef = 43610D62625862EDF8768C51 /* Foundation.framework */; };
		74A5B0668FE1677A2815BA26 /* WorkoutActivityAttributes.swift in Sources */ = {isa = PBXBuildFile; fileRef = 19A72A81782FF95AF96F0421 /* WorkoutActivityAttributes.swift */; };
		79DF344906313C743A54899A /* 5x5iveWidget.appex in Embed Foundation Extensions */ = {isa = PBXBuildFile; fileRef = 5FC71986DFEA6EE70A28C796 /* 5x5iveWidget.appex */; settings = {ATTRIBUTES = (RemoveHeadersOnCopy, ); }; };
		86C4C3252665C16AE8F87EE6 /* FiveByFiveWidgetBundle.swift in Sources */ = {isa = PBXBuildFile; fileRef = 4AFFBA50784DAD44A95E2F1E /* FiveByFiveWidgetBundle.swift */; };
/* End PBXBuildFile section */

/* Begin PBXContainerItemProxy section */
		0417605D303FFE2D00ACCEDC /* PBXContainerItemProxy */ = {
			isa = PBXContainerItemProxy;
			containerPortal = 04176045303FFE2C00ACCEDC /* Project object */;
			proxyType = 1;
			remoteGlobalIDString = 0417604C303FFE2C00ACCEDC;
			remoteInfo = 5x5ive;
		};
		04176067303FFE2D00ACCEDC /* PBXContainerItemProxy */ = {
			isa = PBXContainerItemProxy;
			containerPortal = 04176045303FFE2C00ACCEDC /* Project object */;
			proxyType = 1;
			remoteGlobalIDString = 0417604C303FFE2C00ACCEDC;
			remoteInfo = 5x5ive;
		};
		5A2B70D84F09F4E8FA9566FE /* PBXContainerItemProxy */ = {
			isa = PBXContainerItemProxy;
			containerPortal = 04176045303FFE2C00ACCEDC /* Project object */;
			proxyType = 1;
			remoteGlobalIDString = A74CFA2D270513D987C760CD;
			remoteInfo = 5x5iveWidget;
		};
/* End PBXContainerItemProxy section */

/* Begin PBXCopyFilesBuildPhase section */
		1414EACD59AD673818842B59 /* Embed Foundation Extensions */ = {
			isa = PBXCopyFilesBuildPhase;
			buildActionMask = 2147483647;
			dstPath = "";
			dstSubfolderSpec = 13;
			files = (
				79DF344906313C743A54899A /* 5x5iveWidget.appex in Embed Foundation Extensions */,
			);
			name = "Embed Foundation Extensions";
			runOnlyForDeploymentPostprocessing = 0;
		};
/* End PBXCopyFilesBuildPhase section */

/* Begin PBXFileReference section */
		0417604D303FFE2C00ACCEDC /* 5x5ive.app */ = {isa = PBXFileReference; explicitFileType = wrapper.application; includeInIndex = 0; path = 5x5ive.app; sourceTree = BUILT_PRODUCTS_DIR; };
		0417605C303FFE2D00ACCEDC /* 5x5iveTests.xctest */ = {isa = PBXFileReference; explicitFileType = wrapper.cfbundle; includeInIndex = 0; path = 5x5iveTests.xctest; sourceTree = BUILT_PRODUCTS_DIR; };
		04176066303FFE2D00ACCEDC /* 5x5iveUITests.xctest */ = {isa = PBXFileReference; explicitFileType = wrapper.cfbundle; includeInIndex = 0; path = 5x5iveUITests.xctest; sourceTree = BUILT_PRODUCTS_DIR; };
		19A72A81782FF95AF96F0421 /* WorkoutActivityAttributes.swift */ = {isa = PBXFileReference; includeInIndex = 1; lastKnownFileType = sourcecode.swift; path = WorkoutActivityAttributes.swift; sourceTree = "<group>"; };
		26D4CB7F071D15349694A978 /* Info.plist */ = {isa = PBXFileReference; includeInIndex = 1; lastKnownFileType = text.plist.xml; path = Info.plist; sourceTree = "<group>"; };
		43610D62625862EDF8768C51 /* Foundation.framework */ = {isa = PBXFileReference; lastKnownFileType = wrapper.framework; name = Foundation.framework; path = Platforms/iPhoneOS.platform/Developer/SDKs/iPhoneOS26.0.sdk/System/Library/Frameworks/Foundation.framework; sourceTree = DEVELOPER_DIR; };
		4AFFBA50784DAD44A95E2F1E /* FiveByFiveWidgetBundle.swift */ = {isa = PBXFileReference; includeInIndex = 1; lastKnownFileType = sourcecode.swift; path = FiveByFiveWidgetBundle.swift; sourceTree = "<group>"; };
		5FC71986DFEA6EE70A28C796 /* 5x5iveWidget.appex */ = {isa = PBXFileReference; explicitFileType = "wrapper.app-extension"; includeInIndex = 0; path = 5x5iveWidget.appex; sourceTree = BUILT_PRODUCTS_DIR; };
		7D242B079E32412BFCAB5C08 /* WorkoutLiveActivityWidget.swift */ = {isa = PBXFileReference; includeInIndex = 1; lastKnownFileType = sourcecode.swift; path = WorkoutLiveActivityWidget.swift; sourceTree = "<group>"; };
/* End PBXFileReference section */

/* Begin PBXFileSystemSynchronizedRootGroup section */
		0417604F303FFE2C00ACCEDC /* 5x5ive */ = {
			isa = PBXFileSystemSynchronizedRootGroup;
			exceptions = (
			);
			path = 5x5ive;
			sourceTree = "<group>";
		};
		0417605F303FFE2D00ACCEDC /* 5x5iveTests */ = {
			isa = PBXFileSystemSynchronizedRootGroup;
			exceptions = (
			);
			path = 5x5iveTests;
			sourceTree = "<group>";
		};
		04176069303FFE2D00ACCEDC /* 5x5iveUITests */ = {
			isa = PBXFileSystemSynchronizedRootGroup;
			exceptions = (
			);
			path = 5x5iveUITests;
			sourceTree = "<group>";
		};
/* End PBXFileSystemSynchronizedRootGroup section */

/* Begin PBXFrameworksBuildPhase section */
		0417604A303FFE2C00ACCEDC /* Frameworks */ = {
			isa = PBXFrameworksBuildPhase;
			buildActionMask = 2147483647;
			files = (
				0417607C30400F6800ACCEDC /* SwoleData in Frameworks */,
			);
			runOnlyForDeploymentPostprocessing = 0;
		};
		04176059303FFE2D00ACCEDC /* Frameworks */ = {
			isa = PBXFrameworksBuildPhase;
			buildActionMask = 2147483647;
			files = (
			);
			runOnlyForDeploymentPostprocessing = 0;
		};
		04176063303FFE2D00ACCEDC /* Frameworks */ = {
			isa = PBXFrameworksBuildPhase;
			buildActionMask = 2147483647;
			files = (
			);
			runOnlyForDeploymentPostprocessing = 0;
		};
		F319FC2A1376378DE7F22BC0 /* Frameworks */ = {
			isa = PBXFrameworksBuildPhase;
			buildActionMask = 2147483647;
			files = (
				55863A52B06D450F1263ED0E /* Foundation.framework in Frameworks */,
			);
			runOnlyForDeploymentPostprocessing = 0;
		};
/* End PBXFrameworksBuildPhase section */

/* Begin PBXGroup section */
		04176044303FFE2C00ACCEDC = {
			isa = PBXGroup;
			children = (
				0417604F303FFE2C00ACCEDC /* 5x5ive */,
				0417605F303FFE2D00ACCEDC /* 5x5iveTests */,
				04176069303FFE2D00ACCEDC /* 5x5iveUITests */,
				0417607A30400F6800ACCEDC /* Frameworks */,
				0417604E303FFE2C00ACCEDC /* Products */,
				D1EDE18570D8687C10065FBA /* 5x5iveWidget */,
			);
			sourceTree = "<group>";
		};
		0417604E303FFE2C00ACCEDC /* Products */ = {
			isa = PBXGroup;
			children = (
				0417604D303FFE2C00ACCEDC /* 5x5ive.app */,
				0417605C303FFE2D00ACCEDC /* 5x5iveTests.xctest */,
				04176066303FFE2D00ACCEDC /* 5x5iveUITests.xctest */,
				5FC71986DFEA6EE70A28C796 /* 5x5iveWidget.appex */,
			);
			name = Products;
			sourceTree = "<group>";
		};
		0417607A30400F6800ACCEDC /* Frameworks */ = {
			isa = PBXGroup;
			children = (
				175B23EF1BD790B19E5CB2E5 /* iOS */,
			);
			name = Frameworks;
			sourceTree = "<group>";
		};
		175B23EF1BD790B19E5CB2E5 /* iOS */ = {
			isa = PBXGroup;
			children = (
				43610D62625862EDF8768C51 /* Foundation.framework */,
			);
			name = iOS;
			sourceTree = "<group>";
		};
		D1EDE18570D8687C10065FBA /* 5x5iveWidget */ = {
			isa = PBXGroup;
			children = (
				4AFFBA50784DAD44A95E2F1E /* FiveByFiveWidgetBundle.swift */,
				26D4CB7F071D15349694A978 /* Info.plist */,
				19A72A81782FF95AF96F0421 /* WorkoutActivityAttributes.swift */,
				7D242B079E32412BFCAB5C08 /* WorkoutLiveActivityWidget.swift */,
			);
			path = 5x5iveWidget;
			sourceTree = "<group>";
		};
/* End PBXGroup section */

/* Begin PBXNativeTarget section */
		0417604C303FFE2C00ACCEDC /* 5x5ive */ = {
			isa = PBXNativeTarget;
			buildConfigurationList = 04176070303FFE2D00ACCEDC /* Build configuration list for PBXNativeTarget "5x5ive" */;
			buildPhases = (
				04176049303FFE2C00ACCEDC /* Sources */,
				0417604A303FFE2C00ACCEDC /* Frameworks */,
				0417604B303FFE2C00ACCEDC /* Resources */,
				1414EACD59AD673818842B59 /* Embed Foundation Extensions */,
			);
			buildRules = (
			);
			dependencies = (
				3CBB4F95AC49842192D19399 /* PBXTargetDependency */,
			);
			fileSystemSynchronizedGroups = (
				0417604F303FFE2C00ACCEDC /* 5x5ive */,
			);
			name = 5x5ive;
			packageProductDependencies = (
				0417607B30400F6800ACCEDC /* SwoleData */,
			);
			productName = 5x5ive;
			productReference = 0417604D303FFE2C00ACCEDC /* 5x5ive.app */;
			productType = "com.apple.product-type.application";
		};
		0417605B303FFE2D00ACCEDC /* 5x5iveTests */ = {
			isa = PBXNativeTarget;
			buildConfigurationList = 04176073303FFE2D00ACCEDC /* Build configuration list for PBXNativeTarget "5x5iveTests" */;
			buildPhases = (
				04176058303FFE2D00ACCEDC /* Sources */,
				04176059303FFE2D00ACCEDC /* Frameworks */,
				0417605A303FFE2D00ACCEDC /* Resources */,
			);
			buildRules = (
			);
			dependencies = (
				0417605E303FFE2D00ACCEDC /* PBXTargetDependency */,
			);
			fileSystemSynchronizedGroups = (
				0417605F303FFE2D00ACCEDC /* 5x5iveTests */,
			);
			name = 5x5iveTests;
			productName = 5x5iveTests;
			productReference = 0417605C303FFE2D00ACCEDC /* 5x5iveTests.xctest */;
			productType = "com.apple.product-type.bundle.unit-test";
		};
		04176065303FFE2D00ACCEDC /* 5x5iveUITests */ = {
			isa = PBXNativeTarget;
			buildConfigurationList = 04176076303FFE2D00ACCEDC /* Build configuration list for PBXNativeTarget "5x5iveUITests" */;
			buildPhases = (
				04176062303FFE2D00ACCEDC /* Sources */,
				04176063303FFE2D00ACCEDC /* Frameworks */,
				04176064303FFE2D00ACCEDC /* Resources */,
			);
			buildRules = (
			);
			dependencies = (
				04176068303FFE2D00ACCEDC /* PBXTargetDependency */,
			);
			fileSystemSynchronizedGroups = (
				04176069303FFE2D00ACCEDC /* 5x5iveUITests */,
			);
			name = 5x5iveUITests;
			productName = 5x5iveUITests;
			productReference = 04176066303FFE2D00ACCEDC /* 5x5iveUITests.xctest */;
			productType = "com.apple.product-type.bundle.ui-testing";
		};
		A74CFA2D270513D987C760CD /* 5x5iveWidget */ = {
			isa = PBXNativeTarget;
			buildConfigurationList = A40E0314F1809ED23CAB8057 /* Build configuration list for PBXNativeTarget "5x5iveWidget" */;
			buildPhases = (
				A7C870066E810EDA77633818 /* Sources */,
				F319FC2A1376378DE7F22BC0 /* Frameworks */,
				E83EBA70E08BAEB17ABA948C /* Resources */,
			);
			buildRules = (
			);
			dependencies = (
			);
			name = 5x5iveWidget;
			productName = 5x5iveWidget;
			productReference = 5FC71986DFEA6EE70A28C796 /* 5x5iveWidget.appex */;
			productType = "com.apple.product-type.app-extension";
		};
/* End PBXNativeTarget section */

/* Begin PBXProject section */
		04176045303FFE2C00ACCEDC /* Project object */ = {
			isa = PBXProject;
			attributes = {
				BuildIndependentTargetsInParallel = 1;
				LastSwiftUpdateCheck = 2660;
				LastUpgradeCheck = 2660;
				TargetAttributes = {
					0417604C303FFE2C00ACCEDC = {
						CreatedOnToolsVersion = 26.6;
					};
					0417605B303FFE2D00ACCEDC = {
						CreatedOnToolsVersion = 26.6;
						TestTargetID = 0417604C303FFE2C00ACCEDC;
					};
					04176065303FFE2D00ACCEDC = {
						CreatedOnToolsVersion = 26.6;
						TestTargetID = 0417604C303FFE2C00ACCEDC;
					};
				};
			};
			buildConfigurationList = 04176048303FFE2C00ACCEDC /* Build configuration list for PBXProject "5x5ive" */;
			developmentRegion = en;
			hasScannedForEncodings = 0;
			knownRegions = (
				en,
				Base,
			);
			mainGroup = 04176044303FFE2C00ACCEDC;
			minimizedProjectReferenceProxies = 1;
			packageReferences = (
				0417607930400DE600ACCEDC /* XCLocalSwiftPackageReference "SwoleData" */,
			);
			preferredProjectObjectVersion = 77;
			productRefGroup = 0417604E303FFE2C00ACCEDC /* Products */;
			projectDirPath = "";
			projectRoot = "";
			targets = (
				0417604C303FFE2C00ACCEDC /* 5x5ive */,
				0417605B303FFE2D00ACCEDC /* 5x5iveTests */,
				04176065303FFE2D00ACCEDC /* 5x5iveUITests */,
				A74CFA2D270513D987C760CD /* 5x5iveWidget */,
			);
		};
/* End PBXProject section */

/* Begin PBXResourcesBuildPhase section */
		0417604B303FFE2C00ACCEDC /* Resources */ = {
			isa = PBXResourcesBuildPhase;
			buildActionMask = 2147483647;
			files = (
			);
			runOnlyForDeploymentPostprocessing = 0;
		};
		0417605A303FFE2D00ACCEDC /* Resources */ = {
			isa = PBXResourcesBuildPhase;
			buildActionMask = 2147483647;
			files = (
			);
			runOnlyForDeploymentPostprocessing = 0;
		};
		04176064303FFE2D00ACCEDC /* Resources */ = {
			isa = PBXResourcesBuildPhase;
			buildActionMask = 2147483647;
			files = (
			);
			runOnlyForDeploymentPostprocessing = 0;
		};
		E83EBA70E08BAEB17ABA948C /* Resources */ = {
			isa = PBXResourcesBuildPhase;
			buildActionMask = 2147483647;
			files = (
			);
			runOnlyForDeploymentPostprocessing = 0;
		};
/* End PBXResourcesBuildPhase section */

/* Begin PBXSourcesBuildPhase section */
		04176049303FFE2C00ACCEDC /* Sources */ = {
			isa = PBXSourcesBuildPhase;
			buildActionMask = 2147483647;
			files = (
				74A5B0668FE1677A2815BA26 /* WorkoutActivityAttributes.swift in Sources */,
			);
			runOnlyForDeploymentPostprocessing = 0;
		};
		04176058303FFE2D00ACCEDC /* Sources */ = {
			isa = PBXSourcesBuildPhase;
			buildActionMask = 2147483647;
			files = (
			);
			runOnlyForDeploymentPostprocessing = 0;
		};
		04176062303FFE2D00ACCEDC /* Sources */ = {
			isa = PBXSourcesBuildPhase;
			buildActionMask = 2147483647;
			files = (
			);
			runOnlyForDeploymentPostprocessing = 0;
		};
		A7C870066E810EDA77633818 /* Sources */ = {
			isa = PBXSourcesBuildPhase;
			buildActionMask = 2147483647;
			files = (
				86C4C3252665C16AE8F87EE6 /* FiveByFiveWidgetBundle.swift in Sources */,
				3CC3D1FA49B725E83C7BE5AD /* WorkoutActivityAttributes.swift in Sources */,
				08B5DADD7835A484D56D62A4 /* WorkoutLiveActivityWidget.swift in Sources */,
			);
			runOnlyForDeploymentPostprocessing = 0;
		};
/* End PBXSourcesBuildPhase section */

/* Begin PBXTargetDependency section */
		0417605E303FFE2D00ACCEDC /* PBXTargetDependency */ = {
			isa = PBXTargetDependency;
			target = 0417604C303FFE2C00ACCEDC /* 5x5ive */;
			targetProxy = 0417605D303FFE2D00ACCEDC /* PBXContainerItemProxy */;
		};
		04176068303FFE2D00ACCEDC /* PBXTargetDependency */ = {
			isa = PBXTargetDependency;
			target = 0417604C303FFE2C00ACCEDC /* 5x5ive */;
			targetProxy = 04176067303FFE2D00ACCEDC /* PBXContainerItemProxy */;
		};
		3CBB4F95AC49842192D19399 /* PBXTargetDependency */ = {
			isa = PBXTargetDependency;
			name = 5x5iveWidget;
			target = A74CFA2D270513D987C760CD /* 5x5iveWidget */;
			targetProxy = 5A2B70D84F09F4E8FA9566FE /* PBXContainerItemProxy */;
		};
/* End PBXTargetDependency section */

/* Begin XCBuildConfiguration section */
		0417606E303FFE2D00ACCEDC /* Debug */ = {
			isa = XCBuildConfiguration;
			buildSettings = {
				ALWAYS_SEARCH_USER_PATHS = NO;
				ASSETCATALOG_COMPILER_GENERATE_SWIFT_ASSET_SYMBOL_EXTENSIONS = YES;
				CLANG_ANALYZER_NONNULL = YES;
				CLANG_ANALYZER_NUMBER_OBJECT_CONVERSION = YES_AGGRESSIVE;
				CLANG_CXX_LANGUAGE_STANDARD = "gnu++20";
				CLANG_ENABLE_MODULES = YES;
				CLANG_ENABLE_OBJC_ARC = YES;
				CLANG_ENABLE_OBJC_WEAK = YES;
				CLANG_WARN_BLOCK_CAPTURE_AUTORELEASING = YES;
				CLANG_WARN_BOOL_CONVERSION = YES;
				CLANG_WARN_COMMA = YES;
				CLANG_WARN_CONSTANT_CONVERSION = YES;
				CLANG_WARN_DEPRECATED_OBJC_IMPLEMENTATIONS = YES;
				CLANG_WARN_DIRECT_OBJC_ISA_USAGE = YES_ERROR;
				CLANG_WARN_DOCUMENTATION_COMMENTS = YES;
				CLANG_WARN_EMPTY_BODY = YES;
				CLANG_WARN_ENUM_CONVERSION = YES;
				CLANG_WARN_INFINITE_RECURSION = YES;
				CLANG_WARN_INT_CONVERSION = YES;
				CLANG_WARN_NON_LITERAL_NULL_CONVERSION = YES;
				CLANG_WARN_OBJC_IMPLICIT_RETAIN_SELF = YES;
				CLANG_WARN_OBJC_LITERAL_CONVERSION = YES;
				CLANG_WARN_OBJC_ROOT_CLASS = YES_ERROR;
				CLANG_WARN_QUOTED_INCLUDE_IN_FRAMEWORK_HEADER = YES;
				CLANG_WARN_RANGE_LOOP_ANALYSIS = YES;
				CLANG_WARN_STRICT_PROTOTYPES = YES;
				CLANG_WARN_SUSPICIOUS_MOVE = YES;
				CLANG_WARN_UNGUARDED_AVAILABILITY = YES_AGGRESSIVE;
				CLANG_WARN_UNREACHABLE_CODE = YES;
				CLANG_WARN__DUPLICATE_METHOD_MATCH = YES;
				COPY_PHASE_STRIP = NO;
				DEBUG_INFORMATION_FORMAT = dwarf;
				DEVELOPMENT_TEAM = DWU3HEQTV9;
				ENABLE_STRICT_OBJC_MSGSEND = YES;
				ENABLE_TESTABILITY = YES;
				ENABLE_USER_SCRIPT_SANDBOXING = YES;
				GCC_C_LANGUAGE_STANDARD = gnu17;
				GCC_DYNAMIC_NO_PIC = NO;
				GCC_NO_COMMON_BLOCKS = YES;
				GCC_OPTIMIZATION_LEVEL = 0;
				GCC_PREPROCESSOR_DEFINITIONS = (
					"DEBUG=1",
					"$(inherited)",
				);
				GCC_WARN_64_TO_32_BIT_CONVERSION = YES;
				GCC_WARN_ABOUT_RETURN_TYPE = YES_ERROR;
				GCC_WARN_UNDECLARED_SELECTOR = YES;
				GCC_WARN_UNINITIALIZED_AUTOS = YES_AGGRESSIVE;
				GCC_WARN_UNUSED_FUNCTION = YES;
				GCC_WARN_UNUSED_VARIABLE = YES;
				LOCALIZATION_PREFERS_STRING_CATALOGS = YES;
				MTL_ENABLE_DEBUG_INFO = INCLUDE_SOURCE;
				MTL_FAST_MATH = YES;
				ONLY_ACTIVE_ARCH = YES;
				SWIFT_ACTIVE_COMPILATION_CONDITIONS = "DEBUG $(inherited)";
				SWIFT_OPTIMIZATION_LEVEL = "-Onone";
			};
			name = Debug;
		};
		0417606F303FFE2D00ACCEDC /* Release */ = {
			isa = XCBuildConfiguration;
			buildSettings = {
				ALWAYS_SEARCH_USER_PATHS = NO;
				ASSETCATALOG_COMPILER_GENERATE_SWIFT_ASSET_SYMBOL_EXTENSIONS = YES;
				CLANG_ANALYZER_NONNULL = YES;
				CLANG_ANALYZER_NUMBER_OBJECT_CONVERSION = YES_AGGRESSIVE;
				CLANG_CXX_LANGUAGE_STANDARD = "gnu++20";
				CLANG_ENABLE_MODULES = YES;
				CLANG_ENABLE_OBJC_ARC = YES;
				CLANG_ENABLE_OBJC_WEAK = YES;
				CLANG_WARN_BLOCK_CAPTURE_AUTORELEASING = YES;
				CLANG_WARN_BOOL_CONVERSION = YES;
				CLANG_WARN_COMMA = YES;
				CLANG_WARN_CONSTANT_CONVERSION = YES;
				CLANG_WARN_DEPRECATED_OBJC_IMPLEMENTATIONS = YES;
				CLANG_WARN_DIRECT_OBJC_ISA_USAGE = YES_ERROR;
				CLANG_WARN_DOCUMENTATION_COMMENTS = YES;
				CLANG_WARN_EMPTY_BODY = YES;
				CLANG_WARN_ENUM_CONVERSION = YES;
				CLANG_WARN_INFINITE_RECURSION = YES;
				CLANG_WARN_INT_CONVERSION = YES;
				CLANG_WARN_NON_LITERAL_NULL_CONVERSION = YES;
				CLANG_WARN_OBJC_IMPLICIT_RETAIN_SELF = YES;
				CLANG_WARN_OBJC_LITERAL_CONVERSION = YES;
				CLANG_WARN_OBJC_ROOT_CLASS = YES_ERROR;
				CLANG_WARN_QUOTED_INCLUDE_IN_FRAMEWORK_HEADER = YES;
				CLANG_WARN_RANGE_LOOP_ANALYSIS = YES;
				CLANG_WARN_STRICT_PROTOTYPES = YES;
				CLANG_WARN_SUSPICIOUS_MOVE = YES;
				CLANG_WARN_UNGUARDED_AVAILABILITY = YES_AGGRESSIVE;
				CLANG_WARN_UNREACHABLE_CODE = YES;
				CLANG_WARN__DUPLICATE_METHOD_MATCH = YES;
				COPY_PHASE_STRIP = NO;
				DEBUG_INFORMATION_FORMAT = "dwarf-with-dsym";
				DEVELOPMENT_TEAM = DWU3HEQTV9;
				ENABLE_NS_ASSERTIONS = NO;
				ENABLE_STRICT_OBJC_MSGSEND = YES;
				ENABLE_USER_SCRIPT_SANDBOXING = YES;
				GCC_C_LANGUAGE_STANDARD = gnu17;
				GCC_NO_COMMON_BLOCKS = YES;
				GCC_WARN_64_TO_32_BIT_CONVERSION = YES;
				GCC_WARN_ABOUT_RETURN_TYPE = YES_ERROR;
				GCC_WARN_UNDECLARED_SELECTOR = YES;
				GCC_WARN_UNINITIALIZED_AUTOS = YES_AGGRESSIVE;
				GCC_WARN_UNUSED_FUNCTION = YES;
				GCC_WARN_UNUSED_VARIABLE = YES;
				LOCALIZATION_PREFERS_STRING_CATALOGS = YES;
				MTL_ENABLE_DEBUG_INFO = NO;
				MTL_FAST_MATH = YES;
				SWIFT_COMPILATION_MODE = wholemodule;
			};
			name = Release;
		};
		04176071303FFE2D00ACCEDC /* Debug */ = {
			isa = XCBuildConfiguration;
			buildSettings = {
				ASSETCATALOG_COMPILER_APPICON_NAME = AppIcon;
				ASSETCATALOG_COMPILER_GLOBAL_ACCENT_COLOR_NAME = AccentColor;
				"CODE_SIGN_ENTITLEMENTS[sdk=iphoneos*]" = 5x5ive/5x5ive.entitlements;
				"CODE_SIGN_ENTITLEMENTS[sdk=iphonesimulator*]" = 5x5ive/5x5ive.entitlements;
				CODE_SIGN_STYLE = Automatic;
				CURRENT_PROJECT_VERSION = 1;
				DEVELOPMENT_TEAM = DWU3HEQTV9;
				ENABLE_APP_SANDBOX = YES;
				ENABLE_HARDENED_RUNTIME = YES;
				ENABLE_PREVIEWS = YES;
				ENABLE_USER_SELECTED_FILES = readonly;
				GENERATE_INFOPLIST_FILE = YES;
				"INFOPLIST_KEY_NSHealthShareUsageDescription[sdk=iphoneos*]" = "Used to estimate calories burned during your workouts.";
				"INFOPLIST_KEY_NSHealthShareUsageDescription[sdk=iphonesimulator*]" = "Used to estimate calories burned during your workouts.";
				"INFOPLIST_KEY_NSHealthUpdateUsageDescription[sdk=iphoneos*]" = "Saves your finished workouts to Health.";
				"INFOPLIST_KEY_NSHealthUpdateUsageDescription[sdk=iphonesimulator*]" = "Saves your finished workouts to Health.";
				INFOPLIST_KEY_NSSupportsLiveActivities = YES;
				"INFOPLIST_KEY_UIApplicationSceneManifest_Generation[sdk=iphoneos*]" = YES;
				"INFOPLIST_KEY_UIApplicationSceneManifest_Generation[sdk=iphonesimulator*]" = YES;
				"INFOPLIST_KEY_UIApplicationSupportsIndirectInputEvents[sdk=iphoneos*]" = YES;
				"INFOPLIST_KEY_UIApplicationSupportsIndirectInputEvents[sdk=iphonesimulator*]" = YES;
				"INFOPLIST_KEY_UILaunchScreen_Generation[sdk=iphoneos*]" = YES;
				"INFOPLIST_KEY_UILaunchScreen_Generation[sdk=iphonesimulator*]" = YES;
				"INFOPLIST_KEY_UIStatusBarStyle[sdk=iphoneos*]" = UIStatusBarStyleDefault;
				"INFOPLIST_KEY_UIStatusBarStyle[sdk=iphonesimulator*]" = UIStatusBarStyleDefault;
				INFOPLIST_KEY_UISupportedInterfaceOrientations_iPad = "UIInterfaceOrientationPortrait UIInterfaceOrientationPortraitUpsideDown UIInterfaceOrientationLandscapeLeft UIInterfaceOrientationLandscapeRight";
				INFOPLIST_KEY_UISupportedInterfaceOrientations_iPhone = "UIInterfaceOrientationPortrait UIInterfaceOrientationLandscapeLeft UIInterfaceOrientationLandscapeRight";
				IPHONEOS_DEPLOYMENT_TARGET = 26.5;
				LD_RUNPATH_SEARCH_PATHS = "@executable_path/Frameworks";
				"LD_RUNPATH_SEARCH_PATHS[sdk=macosx*]" = "@executable_path/../Frameworks";
				MACOSX_DEPLOYMENT_TARGET = 26.4;
				MARKETING_VERSION = 1.0;
				PRODUCT_BUNDLE_IDENTIFIER = "com.fivebyfive.-x5ive";
				PRODUCT_NAME = "$(TARGET_NAME)";
				REGISTER_APP_GROUPS = YES;
				SDKROOT = auto;
				STRING_CATALOG_GENERATE_SYMBOLS = YES;
				SUPPORTED_PLATFORMS = "iphoneos iphonesimulator macosx xros xrsimulator";
				SWIFT_APPROACHABLE_CONCURRENCY = YES;
				SWIFT_DEFAULT_ACTOR_ISOLATION = MainActor;
				SWIFT_EMIT_LOC_STRINGS = YES;
				SWIFT_UPCOMING_FEATURE_MEMBER_IMPORT_VISIBILITY = YES;
				SWIFT_VERSION = 5.0;
				TARGETED_DEVICE_FAMILY = "1,2,7";
				XROS_DEPLOYMENT_TARGET = 26.5;
			};
			name = Debug;
		};
		04176072303FFE2D00ACCEDC /* Release */ = {
			isa = XCBuildConfiguration;
			buildSettings = {
				ASSETCATALOG_COMPILER_APPICON_NAME = AppIcon;
				ASSETCATALOG_COMPILER_GLOBAL_ACCENT_COLOR_NAME = AccentColor;
				"CODE_SIGN_ENTITLEMENTS[sdk=iphoneos*]" = 5x5ive/5x5ive.entitlements;
				"CODE_SIGN_ENTITLEMENTS[sdk=iphonesimulator*]" = 5x5ive/5x5ive.entitlements;
				CODE_SIGN_STYLE = Automatic;
				CURRENT_PROJECT_VERSION = 1;
				DEVELOPMENT_TEAM = DWU3HEQTV9;
				ENABLE_APP_SANDBOX = YES;
				ENABLE_HARDENED_RUNTIME = YES;
				ENABLE_PREVIEWS = YES;
				ENABLE_USER_SELECTED_FILES = readonly;
				GENERATE_INFOPLIST_FILE = YES;
				"INFOPLIST_KEY_NSHealthShareUsageDescription[sdk=iphoneos*]" = "Used to estimate calories burned during your workouts.";
				"INFOPLIST_KEY_NSHealthShareUsageDescription[sdk=iphonesimulator*]" = "Used to estimate calories burned during your workouts.";
				"INFOPLIST_KEY_NSHealthUpdateUsageDescription[sdk=iphoneos*]" = "Saves your finished workouts to Health.";
				"INFOPLIST_KEY_NSHealthUpdateUsageDescription[sdk=iphonesimulator*]" = "Saves your finished workouts to Health.";
				INFOPLIST_KEY_NSSupportsLiveActivities = YES;
				"INFOPLIST_KEY_UIApplicationSceneManifest_Generation[sdk=iphoneos*]" = YES;
				"INFOPLIST_KEY_UIApplicationSceneManifest_Generation[sdk=iphonesimulator*]" = YES;
				"INFOPLIST_KEY_UIApplicationSupportsIndirectInputEvents[sdk=iphoneos*]" = YES;
				"INFOPLIST_KEY_UIApplicationSupportsIndirectInputEvents[sdk=iphonesimulator*]" = YES;
				"INFOPLIST_KEY_UILaunchScreen_Generation[sdk=iphoneos*]" = YES;
				"INFOPLIST_KEY_UILaunchScreen_Generation[sdk=iphonesimulator*]" = YES;
				"INFOPLIST_KEY_UIStatusBarStyle[sdk=iphoneos*]" = UIStatusBarStyleDefault;
				"INFOPLIST_KEY_UIStatusBarStyle[sdk=iphonesimulator*]" = UIStatusBarStyleDefault;
				INFOPLIST_KEY_UISupportedInterfaceOrientations_iPad = "UIInterfaceOrientationPortrait UIInterfaceOrientationPortraitUpsideDown UIInterfaceOrientationLandscapeLeft UIInterfaceOrientationLandscapeRight";
				INFOPLIST_KEY_UISupportedInterfaceOrientations_iPhone = "UIInterfaceOrientationPortrait UIInterfaceOrientationLandscapeLeft UIInterfaceOrientationLandscapeRight";
				IPHONEOS_DEPLOYMENT_TARGET = 26.5;
				LD_RUNPATH_SEARCH_PATHS = "@executable_path/Frameworks";
				"LD_RUNPATH_SEARCH_PATHS[sdk=macosx*]" = "@executable_path/../Frameworks";
				MACOSX_DEPLOYMENT_TARGET = 26.4;
				MARKETING_VERSION = 1.0;
				PRODUCT_BUNDLE_IDENTIFIER = "com.fivebyfive.-x5ive";
				PRODUCT_NAME = "$(TARGET_NAME)";
				REGISTER_APP_GROUPS = YES;
				SDKROOT = auto;
				STRING_CATALOG_GENERATE_SYMBOLS = YES;
				SUPPORTED_PLATFORMS = "iphoneos iphonesimulator macosx xros xrsimulator";
				SWIFT_APPROACHABLE_CONCURRENCY = YES;
				SWIFT_DEFAULT_ACTOR_ISOLATION = MainActor;
				SWIFT_EMIT_LOC_STRINGS = YES;
				SWIFT_UPCOMING_FEATURE_MEMBER_IMPORT_VISIBILITY = YES;
				SWIFT_VERSION = 5.0;
				TARGETED_DEVICE_FAMILY = "1,2,7";
				XROS_DEPLOYMENT_TARGET = 26.5;
			};
			name = Release;
		};
		04176074303FFE2D00ACCEDC /* Debug */ = {
			isa = XCBuildConfiguration;
			buildSettings = {
				BUNDLE_LOADER = "$(TEST_HOST)";
				CODE_SIGN_STYLE = Automatic;
				CURRENT_PROJECT_VERSION = 1;
				DEVELOPMENT_TEAM = DWU3HEQTV9;
				GENERATE_INFOPLIST_FILE = YES;
				IPHONEOS_DEPLOYMENT_TARGET = 26.5;
				MACOSX_DEPLOYMENT_TARGET = 26.4;
				MARKETING_VERSION = 1.0;
				PRODUCT_BUNDLE_IDENTIFIER = "com.fivebyfive.-x5iveTests";
				PRODUCT_NAME = "$(TARGET_NAME)";
				SDKROOT = auto;
				STRING_CATALOG_GENERATE_SYMBOLS = NO;
				SUPPORTED_PLATFORMS = "iphoneos iphonesimulator macosx xros xrsimulator";
				SWIFT_APPROACHABLE_CONCURRENCY = YES;
				SWIFT_EMIT_LOC_STRINGS = NO;
				SWIFT_UPCOMING_FEATURE_MEMBER_IMPORT_VISIBILITY = YES;
				SWIFT_VERSION = 5.0;
				TARGETED_DEVICE_FAMILY = "1,2,7";
				TEST_HOST = "$(BUILT_PRODUCTS_DIR)/5x5ive.app/$(BUNDLE_EXECUTABLE_FOLDER_PATH)/5x5ive";
				XROS_DEPLOYMENT_TARGET = 26.5;
			};
			name = Debug;
		};
		04176075303FFE2D00ACCEDC /* Release */ = {
			isa = XCBuildConfiguration;
			buildSettings = {
				BUNDLE_LOADER = "$(TEST_HOST)";
				CODE_SIGN_STYLE = Automatic;
				CURRENT_PROJECT_VERSION = 1;
				DEVELOPMENT_TEAM = DWU3HEQTV9;
				GENERATE_INFOPLIST_FILE = YES;
				IPHONEOS_DEPLOYMENT_TARGET = 26.5;
				MACOSX_DEPLOYMENT_TARGET = 26.4;
				MARKETING_VERSION = 1.0;
				PRODUCT_BUNDLE_IDENTIFIER = "com.fivebyfive.-x5iveTests";
				PRODUCT_NAME = "$(TARGET_NAME)";
				SDKROOT = auto;
				STRING_CATALOG_GENERATE_SYMBOLS = NO;
				SUPPORTED_PLATFORMS = "iphoneos iphonesimulator macosx xros xrsimulator";
				SWIFT_APPROACHABLE_CONCURRENCY = YES;
				SWIFT_EMIT_LOC_STRINGS = NO;
				SWIFT_UPCOMING_FEATURE_MEMBER_IMPORT_VISIBILITY = YES;
				SWIFT_VERSION = 5.0;
				TARGETED_DEVICE_FAMILY = "1,2,7";
				TEST_HOST = "$(BUILT_PRODUCTS_DIR)/5x5ive.app/$(BUNDLE_EXECUTABLE_FOLDER_PATH)/5x5ive";
				XROS_DEPLOYMENT_TARGET = 26.5;
			};
			name = Release;
		};
		04176077303FFE2D00ACCEDC /* Debug */ = {
			isa = XCBuildConfiguration;
			buildSettings = {
				CODE_SIGN_STYLE = Automatic;
				CURRENT_PROJECT_VERSION = 1;
				DEVELOPMENT_TEAM = DWU3HEQTV9;
				GENERATE_INFOPLIST_FILE = YES;
				IPHONEOS_DEPLOYMENT_TARGET = 26.5;
				MACOSX_DEPLOYMENT_TARGET = 26.4;
				MARKETING_VERSION = 1.0;
				PRODUCT_BUNDLE_IDENTIFIER = "com.fivebyfive.-x5iveUITests";
				PRODUCT_NAME = "$(TARGET_NAME)";
				SDKROOT = auto;
				STRING_CATALOG_GENERATE_SYMBOLS = NO;
				SUPPORTED_PLATFORMS = "iphoneos iphonesimulator macosx xros xrsimulator";
				SWIFT_APPROACHABLE_CONCURRENCY = YES;
				SWIFT_EMIT_LOC_STRINGS = NO;
				SWIFT_UPCOMING_FEATURE_MEMBER_IMPORT_VISIBILITY = YES;
				SWIFT_VERSION = 5.0;
				TARGETED_DEVICE_FAMILY = "1,2,7";
				TEST_TARGET_NAME = 5x5ive;
				XROS_DEPLOYMENT_TARGET = 26.5;
			};
			name = Debug;
		};
		04176078303FFE2D00ACCEDC /* Release */ = {
			isa = XCBuildConfiguration;
			buildSettings = {
				CODE_SIGN_STYLE = Automatic;
				CURRENT_PROJECT_VERSION = 1;
				DEVELOPMENT_TEAM = DWU3HEQTV9;
				GENERATE_INFOPLIST_FILE = YES;
				IPHONEOS_DEPLOYMENT_TARGET = 26.5;
				MACOSX_DEPLOYMENT_TARGET = 26.4;
				MARKETING_VERSION = 1.0;
				PRODUCT_BUNDLE_IDENTIFIER = "com.fivebyfive.-x5iveUITests";
				PRODUCT_NAME = "$(TARGET_NAME)";
				SDKROOT = auto;
				STRING_CATALOG_GENERATE_SYMBOLS = NO;
				SUPPORTED_PLATFORMS = "iphoneos iphonesimulator macosx xros xrsimulator";
				SWIFT_APPROACHABLE_CONCURRENCY = YES;
				SWIFT_EMIT_LOC_STRINGS = NO;
				SWIFT_UPCOMING_FEATURE_MEMBER_IMPORT_VISIBILITY = YES;
				SWIFT_VERSION = 5.0;
				TARGETED_DEVICE_FAMILY = "1,2,7";
				TEST_TARGET_NAME = 5x5ive;
				XROS_DEPLOYMENT_TARGET = 26.5;
			};
			name = Release;
		};
		6437489D1947133FDFCC0339 /* Debug */ = {
			isa = XCBuildConfiguration;
			buildSettings = {
				CLANG_ENABLE_OBJC_WEAK = NO;
				CODE_SIGN_STYLE = Automatic;
				CURRENT_PROJECT_VERSION = 1;
				GENERATE_INFOPLIST_FILE = YES;
				INFOPLIST_FILE = 5x5iveWidget/Info.plist;
				INFOPLIST_KEY_CFBundleDisplayName = 5x5iveWidget;
				INFOPLIST_KEY_NSHumanReadableCopyright = "";
				IPHONEOS_DEPLOYMENT_TARGET = 26.5;
				LD_RUNPATH_SEARCH_PATHS = (
					"$(inherited)",
					"@executable_path/Frameworks",
					"@executable_path/../../Frameworks",
				);
				MARKETING_VERSION = 1.0;
				PRODUCT_BUNDLE_IDENTIFIER = "com.fivebyfive.-x5ive.5x5iveWidget";
				PRODUCT_NAME = "$(TARGET_NAME)";
				SDKROOT = iphoneos;
				SKIP_INSTALL = YES;
				SWIFT_EMIT_LOC_STRINGS = YES;
				SWIFT_VERSION = 5.0;
				TARGETED_DEVICE_FAMILY = "1,2";
			};
			name = Debug;
		};
		ED1FCB6B38220EAB32959157 /* Release */ = {
			isa = XCBuildConfiguration;
			buildSettings = {
				CLANG_ENABLE_OBJC_WEAK = NO;
				CODE_SIGN_STYLE = Automatic;
				CURRENT_PROJECT_VERSION = 1;
				GENERATE_INFOPLIST_FILE = YES;
				INFOPLIST_FILE = 5x5iveWidget/Info.plist;
				INFOPLIST_KEY_CFBundleDisplayName = 5x5iveWidget;
				INFOPLIST_KEY_NSHumanReadableCopyright = "";
				IPHONEOS_DEPLOYMENT_TARGET = 26.5;
				LD_RUNPATH_SEARCH_PATHS = (
					"$(inherited)",
					"@executable_path/Frameworks",
					"@executable_path/../../Frameworks",
				);
				MARKETING_VERSION = 1.0;
				PRODUCT_BUNDLE_IDENTIFIER = "com.fivebyfive.-x5ive.5x5iveWidget";
				PRODUCT_NAME = "$(TARGET_NAME)";
				SDKROOT = iphoneos;
				SKIP_INSTALL = YES;
				SWIFT_EMIT_LOC_STRINGS = YES;
				SWIFT_VERSION = 5.0;
				TARGETED_DEVICE_FAMILY = "1,2";
				VALIDATE_PRODUCT = YES;
			};
			name = Release;
		};
/* End XCBuildConfiguration section */

/* Begin XCConfigurationList section */
		04176048303FFE2C00ACCEDC /* Build configuration list for PBXProject "5x5ive" */ = {
			isa = XCConfigurationList;
			buildConfigurations = (
				0417606E303FFE2D00ACCEDC /* Debug */,
				0417606F303FFE2D00ACCEDC /* Release */,
			);
			defaultConfigurationIsVisible = 0;
			defaultConfigurationName = Release;
		};
		04176070303FFE2D00ACCEDC /* Build configuration list for PBXNativeTarget "5x5ive" */ = {
			isa = XCConfigurationList;
			buildConfigurations = (
				04176071303FFE2D00ACCEDC /* Debug */,
				04176072303FFE2D00ACCEDC /* Release */,
			);
			defaultConfigurationIsVisible = 0;
			defaultConfigurationName = Release;
		};
		04176073303FFE2D00ACCEDC /* Build configuration list for PBXNativeTarget "5x5iveTests" */ = {
			isa = XCConfigurationList;
			buildConfigurations = (
				04176074303FFE2D00ACCEDC /* Debug */,
				04176075303FFE2D00ACCEDC /* Release */,
			);
			defaultConfigurationIsVisible = 0;
			defaultConfigurationName = Release;
		};
		04176076303FFE2D00ACCEDC /* Build configuration list for PBXNativeTarget "5x5iveUITests" */ = {
			isa = XCConfigurationList;
			buildConfigurations = (
				04176077303FFE2D00ACCEDC /* Debug */,
				04176078303FFE2D00ACCEDC /* Release */,
			);
			defaultConfigurationIsVisible = 0;
			defaultConfigurationName = Release;
		};
		A40E0314F1809ED23CAB8057 /* Build configuration list for PBXNativeTarget "5x5iveWidget" */ = {
			isa = XCConfigurationList;
			buildConfigurations = (
				ED1FCB6B38220EAB32959157 /* Release */,
				6437489D1947133FDFCC0339 /* Debug */,
			);
			defaultConfigurationIsVisible = 0;
			defaultConfigurationName = Release;
		};
/* End XCConfigurationList section */

/* Begin XCLocalSwiftPackageReference section */
		0417607930400DE600ACCEDC /* XCLocalSwiftPackageReference "SwoleData" */ = {
			isa = XCLocalSwiftPackageReference;
			relativePath = ../SwoleData;
		};
/* End XCLocalSwiftPackageReference section */

/* Begin XCSwiftPackageProductDependency section */
		0417607B30400F6800ACCEDC /* SwoleData */ = {
			isa = XCSwiftPackageProductDependency;
			package = 0417607930400DE600ACCEDC /* XCLocalSwiftPackageReference "SwoleData" */;
			productName = SwoleData;
		};
/* End XCSwiftPackageProductDependency section */
	};
	rootObject = 04176045303FFE2C00ACCEDC /* Project object */;
}
